{
  "version": 4,
  "terraform_version": "1.14.9",
  "serial": 26,
  "lineage": "a145a2e4-4557-1ffc-e4a4-15adc2b119ad",
  "outputs": {},
  "resources": [
    {
      "module": "module.rg",
      "mode": "managed",
      "type": "azurerm_resource_group",
      "name": "RG",
      "provider": "provider[\"registry.terraform.io/hashicorp/azurerm\"]",
      "instances": [
        {
          "index_key": "RG1",
          "schema_version": 0,
          "attributes": {
            "id": "/subscriptions/760f3c5f-2fd7-46a6-87df-a788344a8b9b/resourceGroups/Sachin-RG",
            "location": "centralindia",
            "managed_by": "",
            "name": "Sachin-RG",
            "tags": {},
            "timeouts": null
          },
          "sensitive_attributes": [],
          "identity_schema_version": 0,
          "identity": {
            "name": "Sachin-RG",
            "subscription_id": "760f3c5f-2fd7-46a6-87df-a788344a8b9b"
          },
          "private": "eyJlMmJmYjczMC1lY2FhLTExZTYtOGY4OC0zNDM2M2JjN2M0YzAiOnsiY3JlYXRlIjo1NDAwMDAwMDAwMDAwLCJkZWxldGUiOjU0MDAwMDAwMDAwMDAsInJlYWQiOjMwMDAwMDAwMDAwMCwidXBkYXRlIjo1NDAwMDAwMDAwMDAwfX0="
        }
      ]
    }
  ],
  "check_results": null
}
